
Microsoft Visual Studio Solution File, Format Version 12.00
# Visual Studio Version 16
VisualStudioVersion = 16.0.31727.386
MinimumVisualStudioVersion = 10.0.40219.1
Project("{FAE04EC0-301F-11D3-BF4B-00C04F79EFBC}") = "MyCashFlow", "MyCashFlow\MyCashFlow.csproj", "{B38E8363-EA3E-41E7-935D-7924C0F97C99}"
EndProject
Project("{FAE04EC0-301F-11D3-BF4B-00C04F79EFBC}") = "MyCashFlowClient", "MyCashFlowClient\MyCashFlowClient.csproj", "{EE4EFC1A-9090-4DBC-B601-0C03567F8B90}"
	ProjectSection(ProjectDependencies) = postProject
		{B38E8363-EA3E-41E7-935D-7924C0F97C99} = {B38E8363-EA3E-41E7-935D-7924C0F97C99}
	EndProjectSection
EndProject
Global
	GlobalSection(SolutionConfigurationPlatforms) = preSolution
		Debug|Any CPU = Debug|Any CPU
		Release|Any CPU = Release|Any CPU
	EndGlobalSection
	GlobalSection(ProjectConfigurationPlatforms) = postSolution
		{B38E8363-EA3E-41E7-935D-7924C0F97C99}.Debug|Any CPU.ActiveCfg = Debug|Any CPU
		{B38E8363-EA3E-41E7-935D-7924C0F97C99}.Debug|Any CPU.Build.0 = Debug|Any CPU
		{B38E8363-EA3E-41E7-935D-7924C0F97C99}.Release|Any CPU.ActiveCfg = Release|Any CPU
		{B38E8363-EA3E-41E7-935D-7924C0F97C99}.Release|Any CPU.Build.0 = Release|Any CPU
		{EE4EFC1A-9090-4DBC-B601-0C03567F8B90}.Debug|Any CPU.ActiveCfg = Debug|Any CPU
		{EE4EFC1A-9090-4DBC-B601-0C03567F8B90}.Debug|Any CPU.Build.0 = Debug|Any CPU
		{EE4EFC1A-9090-4DBC-B601-0C03567F8B90}.Release|Any CPU.ActiveCfg = Release|Any CPU
		{EE4EFC1A-9090-4DBC-B601-0C03567F8B90}.Release|Any CPU.Build.0 = Release|Any CPU
	EndGlobalSection
	GlobalSection(SolutionProperties) = preSolution
		HideSolutionNode = FALSE
	EndGlobalSection
	GlobalSection(ExtensibilityGlobals) = postSolution
		SolutionGuid = {84DED6F7-31A1-4AF4-9F37-B589EEA0F1DA}
	EndGlobalSection
EndGlobal
